
Microsoft Visual Studio Solution File, Format Version 12.00
# Visual Studio Version 16
VisualStudioVersion = 16.0.30011.22
MinimumVisualStudioVersion = 10.0.40219.1
Project("{2150E333-8FDC-42A3-9474-1A3956D46DE8}") = "test", "test", "{53AD2BAC-70CD-4FAF-8127-32EB128441B6}"
EndProject
Project("{2150E333-8FDC-42A3-9474-1A3956D46DE8}") = "1 - UnitTests", "1 - UnitTests", "{86CA1159-CD85-4D3F-82C8-024B5CE50DDA}"
EndProject
Project("{2150E333-8FDC-42A3-9474-1A3956D46DE8}") = "1.1 - Basics", "1.1 - Basics", "{5D7EC57D-9366-4134-8E65-10BF0E285077}"
EndProject
Project("{2150E333-8FDC-42A3-9474-1A3956D46DE8}") = "src", "src", "{6900CEA9-12F3-43A0-B8A6-347D72316815}"
EndProject
Project("{9A19103F-16F7-4668-BE54-9A1E7A4F7556}") = "Demo", "src\Demo\Demo.csproj", "{10A79BE5-1C72-499C-815E-2104DCD57248}"
EndProject
Project("{9A19103F-16F7-4668-BE54-9A1E7A4F7556}") = "Demo.Tests", "test\Demo.Tests\Demo.Tests.csproj", "{216D6A26-18BF-4FC2-AEB9-C93E8B43DED1}"
EndProject
Global
	GlobalSection(SolutionConfigurationPlatforms) = preSolution
		Debug|Any CPU = Debug|Any CPU
		Release|Any CPU = Release|Any CPU
	EndGlobalSection
	GlobalSection(ProjectConfigurationPlatforms) = postSolution
		{10A79BE5-1C72-499C-815E-2104DCD57248}.Debug|Any CPU.ActiveCfg = Debug|Any CPU
		{10A79BE5-1C72-499C-815E-2104DCD57248}.Debug|Any CPU.Build.0 = Debug|Any CPU
		{10A79BE5-1C72-499C-815E-2104DCD57248}.Release|Any CPU.ActiveCfg = Release|Any CPU
		{10A79BE5-1C72-499C-815E-2104DCD57248}.Release|Any CPU.Build.0 = Release|Any CPU
		{216D6A26-18BF-4FC2-AEB9-C93E8B43DED1}.Debug|Any CPU.ActiveCfg = Debug|Any CPU
		{216D6A26-18BF-4FC2-AEB9-C93E8B43DED1}.Debug|Any CPU.Build.0 = Debug|Any CPU
		{216D6A26-18BF-4FC2-AEB9-C93E8B43DED1}.Release|Any CPU.ActiveCfg = Release|Any CPU
		{216D6A26-18BF-4FC2-AEB9-C93E8B43DED1}.Release|Any CPU.Build.0 = Release|Any CPU
	EndGlobalSection
	GlobalSection(SolutionProperties) = preSolution
		HideSolutionNode = FALSE
	EndGlobalSection
	GlobalSection(NestedProjects) = preSolution
		{86CA1159-CD85-4D3F-82C8-024B5CE50DDA} = {53AD2BAC-70CD-4FAF-8127-32EB128441B6}
		{5D7EC57D-9366-4134-8E65-10BF0E285077} = {86CA1159-CD85-4D3F-82C8-024B5CE50DDA}
		{10A79BE5-1C72-499C-815E-2104DCD57248} = {6900CEA9-12F3-43A0-B8A6-347D72316815}
		{216D6A26-18BF-4FC2-AEB9-C93E8B43DED1} = {5D7EC57D-9366-4134-8E65-10BF0E285077}
	EndGlobalSection
	GlobalSection(ExtensibilityGlobals) = postSolution
		SolutionGuid = {B2173821-2F86-49B5-A481-627FEA69FDB0}
	EndGlobalSection
EndGlobal
